// !$*UTF8*$!
{
	archiveVersion = 1;
	classes = {
	};
	objectVersion = 50;
	objects = {

/* Begin PBXBuildFile section */
		42DAED9020F792290006E72B /* AppDelegate.swift in Sources */ = {isa = PBXBuildFile; fileRef = 42DAED8F20F792290006E72B /* AppDelegate.swift */; };
		42DAED9220F792290006E72B /* ViewController.swift in Sources */ = {isa = PBXBuildFile; fileRef = 42DAED9120F792290006E72B /* ViewController.swift */; };
		42DAED9520F792290006E72B /* Main.storyboard in Resources */ = {isa = PBXBuildFile; fileRef = 42DAED9320F792290006E72B /* Main.storyboard */; };
		42DAED9720F7922C0006E72B /* Assets.xcassets in Resources */ = {isa = PBXBuildFile; fileRef = 42DAED9620F7922C0006E72B /* Assets.xcassets */; };
		42DAED9A20F7922C0006E72B /* LaunchScreen.storyboard in Resources */ = {isa = PBXBuildFile; fileRef = 42DAED9820F7922C0006E72B /* LaunchScreen.storyboard */; };
		42DAEDA220F792E20006E72B /* HitTestStackView.swift in Sources */ = {isa = PBXBuildFile; fileRef = 42DAEDA120F792E20006E72B /* HitTestStackView.swift */; };
/* End PBXBuildFile section */

/* Begin PBXFileReference section */
		42DAED8C20F792290006E72B /* HitTestStackView.app */ = {isa = PBXFileReference; explicitFileType = wrapper.application; includeInIndex = 0; path = HitTestStackView.app; sourceTree = BUILT_PRODUCTS_DIR; };
		42DAED8F20F792290006E72B /* AppDelegate.swift */ = {isa = PBXFileReference; lastKnownFileType = sourcecode.swift; path = AppDelegate.swift; sourceTree = "<group>"; };
		42DAED9120F792290006E72B /* ViewController.swift */ = {isa = PBXFileReference; lastKnownFileType = sourcecode.swift; path = ViewController.swift; sourceTree = "<group>"; };
		42DAED9420F792290006E72B /* Base */ = {isa = PBXFileReference; lastKnownFileType = file.storyboard; name = Base; path = Base.lproj/Main.storyboard; sourceTree = "<group>"; };
		42DAED9620F7922C0006E72B /* Assets.xcassets */ = {isa = PBXFileReference; lastKnownFileType = folder.assetcatalog; path = Assets.xcassets; sourceTree = "<group>"; };
		42DAED9920F7922C0006E72B /* Base */ = {isa = PBXFileReference; lastKnownFileType = file.storyboard; name = Base; path = Base.lproj/LaunchScreen.storyboard; sourceTree = "<group>"; };
		42DAED9B20F7922C0006E72B /* Info.plist */ = {isa = PBXFileReference; lastKnownFileType = text.plist.xml; path = Info.plist; sourceTree = "<group>"; };
		42DAEDA120F792E20006E72B /* HitTestStackView.swift */ = {isa = PBXFileReference; lastKnownFileType = sourcecode.swift; path = HitTestStackView.swift; sourceTree = "<group>"; };
/* End PBXFileReference section */

/* Begin PBXFrameworksBuildPhase section */
		42DAED8920F792290006E72B /* Frameworks */ = {
			isa = PBXFrameworksBuildPhase;
			buildActionMask = 2147483647;
			files = (
			);
			runOnlyForDeploymentPostprocessing = 0;
		};
/* End PBXFrameworksBuildPhase section */

/* Begin PBXGroup section */
		42DAED8320F792290006E72B = {
			isa = PBXGroup;
			children = (
				42DAED8E20F792290006E72B /* HitTestStackView */,
				42DAED8D20F792290006E72B /* Products */,
			);
			sourceTree = "<group>";
		};
		42DAED8D20F792290006E72B /* Products */ = {
			isa = PBXGroup;
			children = (
				42DAED8C20F792290006E72B /* HitTestStackView.app */,
			);
			name = Products;
			sourceTree = "<group>";
		};
		42DAED8E20F792290006E72B /* HitTestStackView */ = {
			isa = PBXGroup;
			children = (
				42DAED8F20F792290006E72B /* AppDelegate.swift */,
				42DAED9120F792290006E72B /* ViewController.swift */,
				42DAED9320F792290006E72B /* Main.storyboard */,
				42DAED9620F7922C0006E72B /* Assets.xcassets */,
				42DAED9820F7922C0006E72B /* LaunchScreen.storyboard */,
				42DAED9B20F7922C0006E72B /* Info.plist */,
				42DAEDA120F792E20006E72B /* HitTestStackView.swift */,
			);
			path = HitTestStackView;
			sourceTree = "<group>";
		};
/* End PBXGroup section */

/* Begin PBXNativeTarget section */
		42DAED8B20F792290006E72B /* HitTestStackView */ = {
			isa = PBXNativeTarget;
			buildConfigurationList = 42DAED9E20F7922C0006E72B /* Build configuration list for PBXNativeTarget "HitTestStackView" */;
			buildPhases = (
				42DAED8820F792290006E72B /* Sources */,
				42DAED8920F792290006E72B /* Frameworks */,
				42DAED8A20F792290006E72B /* Resources */,
			);
			buildRules = (
			);
			dependencies = (
			);
			name = HitTestStackView;
			productName = HitTestStackView;
			productReference = 42DAED8C20F792290006E72B /* HitTestStackView.app */;
			productType = "com.apple.product-type.application";
		};
/* End PBXNativeTarget section */

/* Begin PBXProject section */
		42DAED8420F792290006E72B /* Project object */ = {
			isa = PBXProject;
			attributes = {
				LastSwiftUpdateCheck = 0940;
				LastUpgradeCheck = 0940;
				ORGANIZATIONNAME = "Marco Falanga";
				TargetAttributes = {
					42DAED8B20F792290006E72B = {
						CreatedOnToolsVersion = 9.4.1;
					};
				};
			};
			buildConfigurationList = 42DAED8720F792290006E72B /* Build configuration list for PBXProject "HitTestStackView" */;
			compatibilityVersion = "Xcode 9.3";
			developmentRegion = en;
			hasScannedForEncodings = 0;
			knownRegions = (
				en,
				Base,
			);
			mainGroup = 42DAED8320F792290006E72B;
			productRefGroup = 42DAED8D20F792290006E72B /* Products */;
			projectDirPath = "";
			projectRoot = "";
			targets = (
				42DAED8B20F792290006E72B /* HitTestStackView */,
			);
		};
/* End PBXProject section */

/* Begin PBXResourcesBuildPhase section */
		42DAED8A20F792290006E72B /* Resources */ = {
			isa = PBXResourcesBuildPhase;
			buildActionMask = 2147483647;
			files = (
				42DAED9A20F7922C0006E72B /* LaunchScreen.storyboard in Resources */,
				42DAED9720F7922C0006E72B /* Assets.xcassets in Resources */,
				42DAED9520F792290006E72B /* Main.storyboard in Resources */,
			);
			runOnlyForDeploymentPostprocessing = 0;
		};
/* End PBXResourcesBuildPhase section */

/* Begin PBXSourcesBuildPhase section */
		42DAED8820F792290006E72B /* Sources */ = {
			isa = PBXSourcesBuildPhase;
			buildActionMask = 2147483647;
			files = (
				42DAED9220F792290006E72B /* ViewController.swift in Sources */,
				42DAEDA220F792E20006E72B /* HitTestStackView.swift in Sources */,
				42DAED9020F792290006E72B /* AppDelegate.swift in Sources */,
			);
			runOnlyForDeploymentPostprocessing = 0;
		};
/* End PBXSourcesBuildPhase section */

/* Begin PBXVariantGroup section */
		42DAED9320F792290006E72B /* Main.storyboard */ = {
			isa = PBXVariantGroup;
			children = (
				42DAED9420F792290006E72B /* Base */,
			);
			name = Main.storyboard;
			sourceTree = "<group>";
		};
		42DAED9820F7922C0006E72B /* LaunchScreen.storyboard */ = {
			isa = PBXVariantGroup;
			children = (
				42DAED9920F7922C0006E72B /* Base */,
			);
			name = LaunchScreen.storyboard;
			sourceTree = "<group>";
		};
/* End PBXVariantGroup section */

/* Begin XCBuildConfiguration section */
		42DAED9C20F7922C0006E72B /* Debug */ = {
			isa = XCBuildConfiguration;
			buildSettings = {
				ALWAYS_SEARCH_USER_PATHS = NO;
				CLANG_ANALYZER_NONNULL = YES;
				CLANG_ANALYZER_NUMBER_OBJECT_CONVERSION = YES_AGGRESSIVE;
				CLANG_CXX_LANGUAGE_STANDARD = "gnu++14";
				CLANG_CXX_LIBRARY = "libc++";
				CLANG_ENABLE_MODULES = YES;
				CLANG_ENABLE_OBJC_ARC = YES;
				CLANG_ENABLE_OBJC_WEAK = YES;
				CLANG_WARN_BLOCK_CAPTURE_AUTORELEASING = YES;
				CLANG_WARN_BOOL_CONVERSION = YES;
				CLANG_WARN_COMMA = YES;
				CLANG_WARN_CONSTANT_CONVERSION = YES;
				CLANG_WARN_DEPRECATED_OBJC_IMPLEMENTATIONS = YES;
				CLANG_WARN_DIRECT_OBJC_ISA_USAGE = YES_ERROR;
				CLANG_WARN_DOCUMENTATION_COMMENTS = YES;
				CLANG_WARN_EMPTY_BODY = YES;
				CLANG_WARN_ENUM_CONVERSION = YES;
				CLANG_WARN_INFINITE_RECURSION = YES;
				CLANG_WARN_INT_CONVERSION = YES;
				CLANG_WARN_NON_LITERAL_NULL_CONVERSION = YES;
				CLANG_WARN_OBJC_IMPLICIT_RETAIN_SELF = YES;
				CLANG_WARN_OBJC_LITERAL_CONVERSION = YES;
				CLANG_WARN_OBJC_ROOT_CLASS = YES_ERROR;
				CLANG_WARN_RANGE_LOOP_ANALYSIS = YES;
				CLANG_WARN_STRICT_PROTOTYPES = YES;
				CLANG_WARN_SUSPICIOUS_MOVE = YES;
				CLANG_WARN_UNGUARDED_AVAILABILITY = YES_AGGRESSIVE;
				CLANG_WARN_UNREACHABLE_CODE = YES;
				CLANG_WARN__DUPLICATE_METHOD_MATCH = YES;
				CODE_SIGN_IDENTITY = "iPhone Developer";
				COPY_PHASE_STRIP = NO;
				DEBUG_INFORMATION_FORMAT = dwarf;
				ENABLE_STRICT_OBJC_MSGSEND = YES;
				ENABLE_TESTABILITY = YES;
				GCC_C_LANGUAGE_STANDARD = gnu11;
				GCC_DYNAMIC_NO_PIC = NO;
				GCC_NO_COMMON_BLOCKS = YES;
				GCC_OPTIMIZATION_LEVEL = 0;
				GCC_PREPROCESSOR_DEFINITIONS = (
					"DEBUG=1",
					"$(inherited)",
				);
				GCC_WARN_64_TO_32_BIT_CONVERSION = YES;
				GCC_WARN_ABOUT_RETURN_TYPE = YES_ERROR;
				GCC_WARN_UNDECLARED_SELECTOR = YES;
				GCC_WARN_UNINITIALIZED_AUTOS = YES_AGGRESSIVE;
				GCC_WARN_UNUSED_FUNCTION = YES;
				GCC_WARN_UNUSED_VARIABLE = YES;
				IPHONEOS_DEPLOYMENT_TARGET = 11.4;
				MTL_ENABLE_DEBUG_INFO = YES;
				ONLY_ACTIVE_ARCH = YES;
				SDKROOT = iphoneos;
				SWIFT_ACTIVE_COMPILATION_CONDITIONS = DEBUG;
				SWIFT_OPTIMIZATION_LEVEL = "-Onone";
			};
			name = Debug;
		};
		42DAED9D20F7922C0006E72B /* Release */ = {
			isa = XCBuildConfiguration;
			buildSettings = {
				ALWAYS_SEARCH_USER_PATHS = NO;
				CLANG_ANALYZER_NONNULL = YES;
				CLANG_ANALYZER_NUMBER_OBJECT_CONVERSION = YES_AGGRESSIVE;
				CLANG_CXX_LANGUAGE_STANDARD = "gnu++14";
				CLANG_CXX_LIBRARY = "libc++";
				CLANG_ENABLE_MODULES = YES;
				CLANG_ENABLE_OBJC_ARC = YES;
				CLANG_ENABLE_OBJC_WEAK = YES;
				CLANG_WARN_BLOCK_CAPTURE_AUTORELEASING = YES;
				CLANG_WARN_BOOL_CONVERSION = YES;
				CLANG_WARN_COMMA = YES;
				CLANG_WARN_CONSTANT_CONVERSION = YES;
				CLANG_WARN_DEPRECATED_OBJC_IMPLEMENTATIONS = YES;
				CLANG_WARN_DIRECT_OBJC_ISA_USAGE = YES_ERROR;
				CLANG_WARN_DOCUMENTATION_COMMENTS = YES;
				CLANG_WARN_EMPTY_BODY = YES;
				CLANG_WARN_ENUM_CONVERSION = YES;
				CLANG_WARN_INFINITE_RECURSION = YES;
				CLANG_WARN_INT_CONVERSION = YES;
				CLANG_WARN_NON_LITERAL_NULL_CONVERSION = YES;
				CLANG_WARN_OBJC_IMPLICIT_RETAIN_SELF = YES;
				CLANG_WARN_OBJC_LITERAL_CONVERSION = YES;
				CLANG_WARN_OBJC_ROOT_CLASS = YES_ERROR;
				CLANG_WARN_RANGE_LOOP_ANALYSIS = YES;
				CLANG_WARN_STRICT_PROTOTYPES = YES;
				CLANG_WARN_SUSPICIOUS_MOVE = YES;
				CLANG_WARN_UNGUARDED_AVAILABILITY = YES_AGGRESSIVE;
				CLANG_WARN_UNREACHABLE_CODE = YES;
				CLANG_WARN__DUPLICATE_METHOD_MATCH = YES;
				CODE_SIGN_IDENTITY = "iPhone Developer";
				COPY_PHASE_STRIP = NO;
				DEBUG_INFORMATION_FORMAT = "dwarf-with-dsym";
				ENABLE_NS_ASSERTIONS = NO;
				ENABLE_STRICT_OBJC_MSGSEND = YES;
				GCC_C_LANGUAGE_STANDARD = gnu11;
				GCC_NO_COMMON_BLOCKS = YES;
				GCC_WARN_64_TO_32_BIT_CONVERSION = YES;
				GCC_WARN_ABOUT_RETURN_TYPE = YES_ERROR;
				GCC_WARN_UNDECLARED_SELECTOR = YES;
				GCC_WARN_UNINITIALIZED_AUTOS = YES_AGGRESSIVE;
				GCC_WARN_UNUSED_FUNCTION = YES;
				GCC_WARN_UNUSED_VARIABLE = YES;
				IPHONEOS_DEPLOYMENT_TARGET = 11.4;
				MTL_ENABLE_DEBUG_INFO = NO;
				SDKROOT = iphoneos;
				SWIFT_COMPILATION_MODE = wholemodule;
				SWIFT_OPTIMIZATION_LEVEL = "-O";
				VALIDATE_PRODUCT = YES;
			};
			name = Release;
		};
		42DAED9F20F7922C0006E72B /* Debug */ = {
			isa = XCBuildConfiguration;
			buildSettings = {
				ASSETCATALOG_COMPILER_APPICON_NAME = AppIcon;
				CODE_SIGN_STYLE = Automatic;
				DEVELOPMENT_TEAM = L4CBTPH6UD;
				INFOPLIST_FILE = HitTestStackView/Info.plist;
				LD_RUNPATH_SEARCH_PATHS = (
					"$(inherited)",
					"@executable_path/Frameworks",
				);
				PRODUCT_BUNDLE_IDENTIFIER = com.mrcfal.HitTestStackView;
				PRODUCT_NAME = "$(TARGET_NAME)";
				SWIFT_VERSION = 4.0;
				TARGETED_DEVICE_FAMILY = "1,2";
			};
			name = Debug;
		};
		42DAEDA020F7922C0006E72B /* Release */ = {
			isa = XCBuildConfiguration;
			buildSettings = {
				ASSETCATALOG_COMPILER_APPICON_NAME = AppIcon;
				CODE_SIGN_STYLE = Automatic;
				DEVELOPMENT_TEAM = L4CBTPH6UD;
				INFOPLIST_FILE = HitTestStackView/Info.plist;
				LD_RUNPATH_SEARCH_PATHS = (
					"$(inherited)",
					"@executable_path/Frameworks",
				);
				PRODUCT_BUNDLE_IDENTIFIER = com.mrcfal.HitTestStackView;
				PRODUCT_NAME = "$(TARGET_NAME)";
				SWIFT_VERSION = 4.0;
				TARGETED_DEVICE_FAMILY = "1,2";
			};
			name = Release;
		};
/* End XCBuildConfiguration section */

/* Begin XCConfigurationList section */
		42DAED8720F792290006E72B /* Build configuration list for PBXProject "HitTestStackView" */ = {
			isa = XCConfigurationList;
			buildConfigurations = (
				42DAED9C20F7922C0006E72B /* Debug */,
				42DAED9D20F7922C0006E72B /* Release */,
			);
			defaultConfigurationIsVisible = 0;
			defaultConfigurationName = Release;
		};
		42DAED9E20F7922C0006E72B /* Build configuration list for PBXNativeTarget "HitTestStackView" */ = {
			isa = XCConfigurationList;
			buildConfigurations = (
				42DAED9F20F7922C0006E72B /* Debug */,
				42DAEDA020F7922C0006E72B /* Release */,
			);
			defaultConfigurationIsVisible = 0;
			defaultConfigurationName = Release;
		};
/* End XCConfigurationList section */
	};
	rootObject = 42DAED8420F792290006E72B /* Project object */;
}
